
Microsoft Visual Studio Solution File, Format Version 12.00
# Visual Studio Version 17
VisualStudioVersion = 17.0.32014.148
MinimumVisualStudioVersion = 10.0.40219.1
Project("{FAE04EC0-301F-11D3-BF4B-00C04F79EFBC}") = "CalculatorOrWhatever", "CalculatorOrWhatever.csproj", "{8C5504F2-61E5-4E57-8EF1-F6DB9B1D8520}"
EndProject
Global
	GlobalSection(SolutionConfigurationPlatforms) = preSolution
		Debug|Any CPU = Debug|Any CPU
		Release|Any CPU = Release|Any CPU
	EndGlobalSection
	GlobalSection(ProjectConfigurationPlatforms) = postSolution
		{8C5504F2-61E5-4E57-8EF1-F6DB9B1D8520}.Debug|Any CPU.ActiveCfg = Debug|Any CPU
		{8C5504F2-61E5-4E57-8EF1-F6DB9B1D8520}.Debug|Any CPU.Build.0 = Debug|Any CPU
		{8C5504F2-61E5-4E57-8EF1-F6DB9B1D8520}.Release|Any CPU.ActiveCfg = Release|Any CPU
		{8C5504F2-61E5-4E57-8EF1-F6DB9B1D8520}.Release|Any CPU.Build.0 = Release|Any CPU
	EndGlobalSection
	GlobalSection(SolutionProperties) = preSolution
		HideSolutionNode = FALSE
	EndGlobalSection
	GlobalSection(ExtensibilityGlobals) = postSolution
		SolutionGuid = {F0824300-98B8-4A7D-93DA-3D1D24FF8D82}
	EndGlobalSection
EndGlobal
